// !$*UTF8*$!
{
	archiveVersion = 1;
	classes = {
	};
	objectVersion = 77;
	objects = {

/* Begin PBXContainerItemProxy section */
		7CCE0DD42CF6FA7800C1FD57 /* PBXContainerItemProxy */ = {
			isa = PBXContainerItemProxy;
			containerPortal = 7CCE0DB52CF6FA7700C1FD57 /* Project object */;
			proxyType = 1;
			remoteGlobalIDString = 7CCE0DBC2CF6FA7700C1FD57;
			remoteInfo = "ios-chat-app";
		};
		7CCE0DDE2CF6FA7800C1FD57 /* PBXContainerItemProxy */ = {
			isa = PBXContainerItemProxy;
			containerPortal = 7CCE0DB52CF6FA7700C1FD57 /* Project object */;
			proxyType = 1;
			remoteGlobalIDString = 7CCE0DBC2CF6FA7700C1FD57;
			remoteInfo = "ios-chat-app";
		};
/* End PBXContainerItemProxy section */

/* Begin PBXFileReference section */
		7CCE0DBD2CF6FA7700C1FD57 /* ios-chat-app.app */ = {isa = PBXFileReference; explicitFileType = wrapper.application; includeInIndex = 0; path = "ios-chat-app.app"; sourceTree = BUILT_PRODUCTS_DIR; };
		7CCE0DD32CF6FA7800C1FD57 /* ios-chat-appTests.xctest */ = {isa = PBXFileReference; explicitFileType = wrapper.cfbundle; includeInIndex = 0; path = "ios-chat-appTests.xctest"; sourceTree = BUILT_PRODUCTS_DIR; };
		7CCE0DDD2CF6FA7800C1FD57 /* ios-chat-appUITests.xctest */ = {isa = PBXFileReference; explicitFileType = wrapper.cfbundle; includeInIndex = 0; path = "ios-chat-appUITests.xctest"; sourceTree = BUILT_PRODUCTS_DIR; };
/* End PBXFileReference section */

/* Begin PBXFileSystemSynchronizedBuildFileExceptionSet section */
		7CCE0DE52CF6FA7800C1FD57 /* Exceptions for "ios-chat-app" folder in "ios-chat-app" target */ = {
			isa = PBXFileSystemSynchronizedBuildFileExceptionSet;
			membershipExceptions = (
				Info.plist,
			);
			target = 7CCE0DBC2CF6FA7700C1FD57 /* ios-chat-app */;
		};
/* End PBXFileSystemSynchronizedBuildFileExceptionSet section */

/* Begin PBXFileSystemSynchronizedRootGroup section */
		7CCE0DBF2CF6FA7700C1FD57 /* ios-chat-app */ = {
			isa = PBXFileSystemSynchronizedRootGroup;
			exceptions = (
				7CCE0DE52CF6FA7800C1FD57 /* Exceptions for "ios-chat-app" folder in "ios-chat-app" target */,
			);
			path = "ios-chat-app";
			sourceTree = "<group>";
		};
		7CCE0DD62CF6FA7800C1FD57 /* ios-chat-appTests */ = {
			isa = PBXFileSystemSynchronizedRootGroup;
			path = "ios-chat-appTests";
			sourceTree = "<group>";
		};
		7CCE0DE02CF6FA7800C1FD57 /* ios-chat-appUITests */ = {
			isa = PBXFileSystemSynchronizedRootGroup;
			path = "ios-chat-appUITests";
			sourceTree = "<group>";
		};
/* End PBXFileSystemSynchronizedRootGroup section */

/* Begin PBXFrameworksBuildPhase section */
		7CCE0DBA2CF6FA7700C1FD57 /* Frameworks */ = {
			isa = PBXFrameworksBuildPhase;
			buildActionMask = 2147483647;
			files = (
			);
			runOnlyForDeploymentPostprocessing = 0;
		};
		7CCE0DD02CF6FA7800C1FD57 /* Frameworks */ = {
			isa = PBXFrameworksBuildPhase;
			buildActionMask = 2147483647;
			files = (
			);
			runOnlyForDeploymentPostprocessing = 0;
		};
		7CCE0DDA2CF6FA7800C1FD57 /* Frameworks */ = {
			isa = PBXFrameworksBuildPhase;
			buildActionMask = 2147483647;
			files = (
			);
			runOnlyForDeploymentPostprocessing = 0;
		};
/* End PBXFrameworksBuildPhase section */

/* Begin PBXGroup section */
		7CCE0DB42CF6FA7700C1FD57 = {
			isa = PBXGroup;
			children = (
				7CCE0DBF2CF6FA7700C1FD57 /* ios-chat-app */,
				7CCE0DD62CF6FA7800C1FD57 /* ios-chat-appTests */,
				7CCE0DE02CF6FA7800C1FD57 /* ios-chat-appUITests */,
				7CCE0DBE2CF6FA7700C1FD57 /* Products */,
			);
			sourceTree = "<group>";
		};
		7CCE0DBE2CF6FA7700C1FD57 /* Products */ = {
			isa = PBXGroup;
			children = (
				7CCE0DBD2CF6FA7700C1FD57 /* ios-chat-app.app */,
				7CCE0DD32CF6FA7800C1FD57 /* ios-chat-appTests.xctest */,
				7CCE0DDD2CF6FA7800C1FD57 /* ios-chat-appUITests.xctest */,
			);
			name = Products;
			sourceTree = "<group>";
		};
/* End PBXGroup section */

/* Begin PBXNativeTarget section */
		7CCE0DBC2CF6FA7700C1FD57 /* ios-chat-app */ = {
			isa = PBXNativeTarget;
			buildConfigurationList = 7CCE0DE62CF6FA7800C1FD57 /* Build configuration list for PBXNativeTarget "ios-chat-app" */;
			buildPhases = (
				7CCE0DB92CF6FA7700C1FD57 /* Sources */,
				7CCE0DBA2CF6FA7700C1FD57 /* Frameworks */,
				7CCE0DBB2CF6FA7700C1FD57 /* Resources */,
			);
			buildRules = (
			);
			dependencies = (
			);
			fileSystemSynchronizedGroups = (
				7CCE0DBF2CF6FA7700C1FD57 /* ios-chat-app */,
			);
			name = "ios-chat-app";
			packageProductDependencies = (
			);
			productName = "ios-chat-app";
			productReference = 7CCE0DBD2CF6FA7700C1FD57 /* ios-chat-app.app */;
			productType = "com.apple.product-type.application";
		};
		7CCE0DD22CF6FA7800C1FD57 /* ios-chat-appTests */ = {
			isa = PBXNativeTarget;
			buildConfigurationList = 7CCE0DEB2CF6FA7800C1FD57 /* Build configuration list for PBXNativeTarget "ios-chat-appTests" */;
			buildPhases = (
				7CCE0DCF2CF6FA7800C1FD57 /* Sources */,
				7CCE0DD02CF6FA7800C1FD57 /* Frameworks */,
				7CCE0DD12CF6FA7800C1FD57 /* Resources */,
			);
			buildRules = (
			);
			dependencies = (
				7CCE0DD52CF6FA7800C1FD57 /* PBXTargetDependency */,
			);
			fileSystemSynchronizedGroups = (
				7CCE0DD62CF6FA7800C1FD57 /* ios-chat-appTests */,
			);
			name = "ios-chat-appTests";
			packageProductDependencies = (
			);
			productName = "ios-chat-appTests";
			productReference = 7CCE0DD32CF6FA7800C1FD57 /* ios-chat-appTests.xctest */;
			productType = "com.apple.product-type.bundle.unit-test";
		};
		7CCE0DDC2CF6FA7800C1FD57 /* ios-chat-appUITests */ = {
			isa = PBXNativeTarget;
			buildConfigurationList = 7CCE0DEE2CF6FA7800C1FD57 /* Build configuration list for PBXNativeTarget "ios-chat-appUITests" */;
			buildPhases = (
				7CCE0DD92CF6FA7800C1FD57 /* Sources */,
				7CCE0DDA2CF6FA7800C1FD57 /* Frameworks */,
				7CCE0DDB2CF6FA7800C1FD57 /* Resources */,
			);
			buildRules = (
			);
			dependencies = (
				7CCE0DDF2CF6FA7800C1FD57 /* PBXTargetDependency */,
			);
			fileSystemSynchronizedGroups = (
				7CCE0DE02CF6FA7800C1FD57 /* ios-chat-appUITests */,
			);
			name = "ios-chat-appUITests";
			packageProductDependencies = (
			);
			productName = "ios-chat-appUITests";
			productReference = 7CCE0DDD2CF6FA7800C1FD57 /* ios-chat-appUITests.xctest */;
			productType = "com.apple.product-type.bundle.ui-testing";
		};
/* End PBXNativeTarget section */

/* Begin PBXProject section */
		7CCE0DB52CF6FA7700C1FD57 /* Project object */ = {
			isa = PBXProject;
			attributes = {
				BuildIndependentTargetsInParallel = 1;
				LastSwiftUpdateCheck = 1610;
				LastUpgradeCheck = 1610;
				TargetAttributes = {
					7CCE0DBC2CF6FA7700C1FD57 = {
						CreatedOnToolsVersion = 16.1;
					};
					7CCE0DD22CF6FA7800C1FD57 = {
						CreatedOnToolsVersion = 16.1;
						TestTargetID = 7CCE0DBC2CF6FA7700C1FD57;
					};
					7CCE0DDC2CF6FA7800C1FD57 = {
						CreatedOnToolsVersion = 16.1;
						TestTargetID = 7CCE0DBC2CF6FA7700C1FD57;
					};
				};
			};
			buildConfigurationList = 7CCE0DB82CF6FA7700C1FD57 /* Build configuration list for PBXProject "ios-chat-app" */;
			developmentRegion = en;
			hasScannedForEncodings = 0;
			knownRegions = (
				en,
				Base,
			);
			mainGroup = 7CCE0DB42CF6FA7700C1FD57;
			minimizedProjectReferenceProxies = 1;
			preferredProjectObjectVersion = 77;
			productRefGroup = 7CCE0DBE2CF6FA7700C1FD57 /* Products */;
			projectDirPath = "";
			projectRoot = "";
			targets = (
				7CCE0DBC2CF6FA7700C1FD57 /* ios-chat-app */,
				7CCE0DD22CF6FA7800C1FD57 /* ios-chat-appTests */,
				7CCE0DDC2CF6FA7800C1FD57 /* ios-chat-appUITests */,
			);
		};
/* End PBXProject section */

/* Begin PBXResourcesBuildPhase section */
		7CCE0DBB2CF6FA7700C1FD57 /* Resources */ = {
			isa = PBXResourcesBuildPhase;
			buildActionMask = 2147483647;
			files = (
			);
			runOnlyForDeploymentPostprocessing = 0;
		};
		7CCE0DD12CF6FA7800C1FD57 /* Resources */ = {
			isa = PBXResourcesBuildPhase;
			buildActionMask = 2147483647;
			files = (
			);
			runOnlyForDeploymentPostprocessing = 0;
		};
		7CCE0DDB2CF6FA7800C1FD57 /* Resources */ = {
			isa = PBXResourcesBuildPhase;
			buildActionMask = 2147483647;
			files = (
			);
			runOnlyForDeploymentPostprocessing = 0;
		};
/* End PBXResourcesBuildPhase section */

/* Begin PBXSourcesBuildPhase section */
		7CCE0DB92CF6FA7700C1FD57 /* Sources */ = {
			isa = PBXSourcesBuildPhase;
			buildActionMask = 2147483647;
			files = (
			);
			runOnlyForDeploymentPostprocessing = 0;
		};
		7CCE0DCF2CF6FA7800C1FD57 /* Sources */ = {
			isa = PBXSourcesBuildPhase;
			buildActionMask = 2147483647;
			files = (
			);
			runOnlyForDeploymentPostprocessing = 0;
		};
		7CCE0DD92CF6FA7800C1FD57 /* Sources */ = {
			isa = PBXSourcesBuildPhase;
			buildActionMask = 2147483647;
			files = (
			);
			runOnlyForDeploymentPostprocessing = 0;
		};
/* End PBXSourcesBuildPhase section */

/* Begin PBXTargetDependency section */
		7CCE0DD52CF6FA7800C1FD57 /* PBXTargetDependency */ = {
			isa = PBXTargetDependency;
			target = 7CCE0DBC2CF6FA7700C1FD57 /* ios-chat-app */;
			targetProxy = 7CCE0DD42CF6FA7800C1FD57 /* PBXContainerItemProxy */;
		};
		7CCE0DDF2CF6FA7800C1FD57 /* PBXTargetDependency */ = {
			isa = PBXTargetDependency;
			target = 7CCE0DBC2CF6FA7700C1FD57 /* ios-chat-app */;
			targetProxy = 7CCE0DDE2CF6FA7800C1FD57 /* PBXContainerItemProxy */;
		};
/* End PBXTargetDependency section */

/* Begin XCBuildConfiguration section */
		7CCE0DE72CF6FA7800C1FD57 /* Debug */ = {
			isa = XCBuildConfiguration;
			buildSettings = {
				ASSETCATALOG_COMPILER_APPICON_NAME = AppIcon;
				ASSETCATALOG_COMPILER_GLOBAL_ACCENT_COLOR_NAME = AccentColor;
				CODE_SIGN_STYLE = Automatic;
				CURRENT_PROJECT_VERSION = 1;
				GENERATE_INFOPLIST_FILE = YES;
				INFOPLIST_FILE = "ios-chat-app/Info.plist";
				INFOPLIST_KEY_UIApplicationSupportsIndirectInputEvents = YES;
				INFOPLIST_KEY_UILaunchStoryboardName = LaunchScreen;
				INFOPLIST_KEY_UIMainStoryboardFile = Main;
				INFOPLIST_KEY_UISupportedInterfaceOrientations_iPad = "UIInterfaceOrientationPortrait UIInterfaceOrientationPortraitUpsideDown UIInterfaceOrientationLandscapeLeft UIInterfaceOrientationLandscapeRight";
				INFOPLIST_KEY_UISupportedInterfaceOrientations_iPhone = "UIInterfaceOrientationPortrait UIInterfaceOrientationLandscapeLeft UIInterfaceOrientationLandscapeRight";
				LD_RUNPATH_SEARCH_PATHS = (
					"$(inherited)",
					"@executable_path/Frameworks",
				);
				MARKETING_VERSION = 1.0;
				PRODUCT_BUNDLE_IDENTIFIER = "com.hphukan.ios-chat-app";
				PRODUCT_NAME = "$(TARGET_NAME)";
				SWIFT_EMIT_LOC_STRINGS = YES;
				SWIFT_VERSION = 5.0;
				TARGETED_DEVICE_FAMILY = "1,2";
			};
			name = Debug;
		};
		7CCE0DE82CF6FA7800C1FD57 /* Release */ = {
			isa = XCBuildConfiguration;
			buildSettings = {
				ASSETCATALOG_COMPILER_APPICON_NAME = AppIcon;
				ASSETCATALOG_COMPILER_GLOBAL_ACCENT_COLOR_NAME = AccentColor;
				CODE_SIGN_STYLE = Automatic;
				CURRENT_PROJECT_VERSION = 1;
				GENERATE_INFOPLIST_FILE = YES;
				INFOPLIST_FILE = "ios-chat-app/Info.plist";
				INFOPLIST_KEY_UIApplicationSupportsIndirectInputEvents = YES;
				INFOPLIST_KEY_UILaunchStoryboardName = LaunchScreen;
				INFOPLIST_KEY_UIMainStoryboardFile = Main;
				INFOPLIST_KEY_UISupportedInterfaceOrientations_iPad = "UIInterfaceOrientationPortrait UIInterfaceOrientationPortraitUpsideDown UIInterfaceOrientationLandscapeLeft UIInterfaceOrientationLandscapeRight";
				INFOPLIST_KEY_UISupportedInterfaceOrientations_iPhone = "UIInterfaceOrientationPortrait UIInterfaceOrientationLandscapeLeft UIInterfaceOrientationLandscapeRight";
				LD_RUNPATH_SEARCH_PATHS = (
					"$(inherited)",
					"@executable_path/Frameworks",
				);
				MARKETING_VERSION = 1.0;
				PRODUCT_BUNDLE_IDENTIFIER = "com.hphukan.ios-chat-app";
				PRODUCT_NAME = "$(TARGET_NAME)";
				SWIFT_EMIT_LOC_STRINGS = YES;
				SWIFT_VERSION = 5.0;
				TARGETED_DEVICE_FAMILY = "1,2";
			};
			name = Release;
		};
		7CCE0DE92CF6FA7800C1FD57 /* Debug */ = {
			isa = XCBuildConfiguration;
			buildSettings = {
				ALWAYS_SEARCH_USER_PATHS = NO;
				ASSETCATALOG_COMPILER_GENERATE_SWIFT_ASSET_SYMBOL_EXTENSIONS = YES;
				CLANG_ANALYZER_NONNULL = YES;
				CLANG_ANALYZER_NUMBER_OBJECT_CONVERSION = YES_AGGRESSIVE;
				CLANG_CXX_LANGUAGE_STANDARD = "gnu++20";
				CLANG_ENABLE_MODULES = YES;
				CLANG_ENABLE_OBJC_ARC = YES;
				CLANG_ENABLE_OBJC_WEAK = YES;
				CLANG_WARN_BLOCK_CAPTURE_AUTORELEASING = YES;
				CLANG_WARN_BOOL_CONVERSION = YES;
				CLANG_WARN_COMMA = YES;
				CLANG_WARN_CONSTANT_CONVERSION = YES;
				CLANG_WARN_DEPRECATED_OBJC_IMPLEMENTATIONS = YES;
				CLANG_WARN_DIRECT_OBJC_ISA_USAGE = YES_ERROR;
				CLANG_WARN_DOCUMENTATION_COMMENTS = YES;
				CLANG_WARN_EMPTY_BODY = YES;
				CLANG_WARN_ENUM_CONVERSION = YES;
				CLANG_WARN_INFINITE_RECURSION = YES;
				CLANG_WARN_INT_CONVERSION = YES;
				CLANG_WARN_NON_LITERAL_NULL_CONVERSION = YES;
				CLANG_WARN_OBJC_IMPLICIT_RETAIN_SELF = YES;
				CLANG_WARN_OBJC_LITERAL_CONVERSION = YES;
				CLANG_WARN_OBJC_ROOT_CLASS = YES_ERROR;
				CLANG_WARN_QUOTED_INCLUDE_IN_FRAMEWORK_HEADER = YES;
				CLANG_WARN_RANGE_LOOP_ANALYSIS = YES;
				CLANG_WARN_STRICT_PROTOTYPES = YES;
				CLANG_WARN_SUSPICIOUS_MOVE = YES;
				CLANG_WARN_UNGUARDED_AVAILABILITY = YES_AGGRESSIVE;
				CLANG_WARN_UNREACHABLE_CODE = YES;
				CLANG_WARN__DUPLICATE_METHOD_MATCH = YES;
				COPY_PHASE_STRIP = NO;
				DEBUG_INFORMATION_FORMAT = dwarf;
				ENABLE_STRICT_OBJC_MSGSEND = YES;
				ENABLE_TESTABILITY = YES;
				ENABLE_USER_SCRIPT_SANDBOXING = YES;
				GCC_C_LANGUAGE_STANDARD = gnu17;
				GCC_DYNAMIC_NO_PIC = NO;
				GCC_NO_COMMON_BLOCKS = YES;
				GCC_OPTIMIZATION_LEVEL = 0;
				GCC_PREPROCESSOR_DEFINITIONS = (
					"DEBUG=1",
					"$(inherited)",
				);
				GCC_WARN_64_TO_32_BIT_CONVERSION = YES;
				GCC_WARN_ABOUT_RETURN_TYPE = YES_ERROR;
				GCC_WARN_UNDECLARED_SELECTOR = YES;
				GCC_WARN_UNINITIALIZED_AUTOS = YES_AGGRESSIVE;
				GCC_WARN_UNUSED_FUNCTION = YES;
				GCC_WARN_UNUSED_VARIABLE = YES;
				IPHONEOS_DEPLOYMENT_TARGET = 18.1;
				LOCALIZATION_PREFERS_STRING_CATALOGS = YES;
				MTL_ENABLE_DEBUG_INFO = INCLUDE_SOURCE;
				MTL_FAST_MATH = YES;
				ONLY_ACTIVE_ARCH = YES;
				SDKROOT = iphoneos;
				SWIFT_ACTIVE_COMPILATION_CONDITIONS = "DEBUG $(inherited)";
				SWIFT_OPTIMIZATION_LEVEL = "-Onone";
			};
			name = Debug;
		};
		7CCE0DEA2CF6FA7800C1FD57 /* Release */ = {
			isa = XCBuildConfiguration;
			buildSettings = {
				ALWAYS_SEARCH_USER_PATHS = NO;
				ASSETCATALOG_COMPILER_GENERATE_SWIFT_ASSET_SYMBOL_EXTENSIONS = YES;
				CLANG_ANALYZER_NONNULL = YES;
				CLANG_ANALYZER_NUMBER_OBJECT_CONVERSION = YES_AGGRESSIVE;
				CLANG_CXX_LANGUAGE_STANDARD = "gnu++20";
				CLANG_ENABLE_MODULES = YES;
				CLANG_ENABLE_OBJC_ARC = YES;
				CLANG_ENABLE_OBJC_WEAK = YES;
				CLANG_WARN_BLOCK_CAPTURE_AUTORELEASING = YES;
				CLANG_WARN_BOOL_CONVERSION = YES;
				CLANG_WARN_COMMA = YES;
				CLANG_WARN_CONSTANT_CONVERSION = YES;
				CLANG_WARN_DEPRECATED_OBJC_IMPLEMENTATIONS = YES;
				CLANG_WARN_DIRECT_OBJC_ISA_USAGE = YES_ERROR;
				CLANG_WARN_DOCUMENTATION_COMMENTS = YES;
				CLANG_WARN_EMPTY_BODY = YES;
				CLANG_WARN_ENUM_CONVERSION = YES;
				CLANG_WARN_INFINITE_RECURSION = YES;
				CLANG_WARN_INT_CONVERSION = YES;
				CLANG_WARN_NON_LITERAL_NULL_CONVERSION = YES;
				CLANG_WARN_OBJC_IMPLICIT_RETAIN_SELF = YES;
				CLANG_WARN_OBJC_LITERAL_CONVERSION = YES;
				CLANG_WARN_OBJC_ROOT_CLASS = YES_ERROR;
				CLANG_WARN_QUOTED_INCLUDE_IN_FRAMEWORK_HEADER = YES;
				CLANG_WARN_RANGE_LOOP_ANALYSIS = YES;
				CLANG_WARN_STRICT_PROTOTYPES = YES;
				CLANG_WARN_SUSPICIOUS_MOVE = YES;
				CLANG_WARN_UNGUARDED_AVAILABILITY = YES_AGGRESSIVE;
				CLANG_WARN_UNREACHABLE_CODE = YES;
				CLANG_WARN__DUPLICATE_METHOD_MATCH = YES;
				COPY_PHASE_STRIP = NO;
				DEBUG_INFORMATION_FORMAT = "dwarf-with-dsym";
				ENABLE_NS_ASSERTIONS = NO;
				ENABLE_STRICT_OBJC_MSGSEND = YES;
				ENABLE_USER_SCRIPT_SANDBOXING = YES;
				GCC_C_LANGUAGE_STANDARD = gnu17;
				GCC_NO_COMMON_BLOCKS = YES;
				GCC_WARN_64_TO_32_BIT_CONVERSION = YES;
				GCC_WARN_ABOUT_RETURN_TYPE = YES_ERROR;
				GCC_WARN_UNDECLARED_SELECTOR = YES;
				GCC_WARN_UNINITIALIZED_AUTOS = YES_AGGRESSIVE;
				GCC_WARN_UNUSED_FUNCTION = YES;
				GCC_WARN_UNUSED_VARIABLE = YES;
				IPHONEOS_DEPLOYMENT_TARGET = 18.1;
				LOCALIZATION_PREFERS_STRING_CATALOGS = YES;
				MTL_ENABLE_DEBUG_INFO = NO;
				MTL_FAST_MATH = YES;
				SDKROOT = iphoneos;
				SWIFT_COMPILATION_MODE = wholemodule;
				VALIDATE_PRODUCT = YES;
			};
			name = Release;
		};
		7CCE0DEC2CF6FA7800C1FD57 /* Debug */ = {
			isa = XCBuildConfiguration;
			buildSettings = {
				BUNDLE_LOADER = "$(TEST_HOST)";
				CODE_SIGN_STYLE = Automatic;
				CURRENT_PROJECT_VERSION = 1;
				GENERATE_INFOPLIST_FILE = YES;
				IPHONEOS_DEPLOYMENT_TARGET = 18.1;
				MARKETING_VERSION = 1.0;
				PRODUCT_BUNDLE_IDENTIFIER = "com.hphukan.ios-chat-appTests";
				PRODUCT_NAME = "$(TARGET_NAME)";
				SWIFT_EMIT_LOC_STRINGS = NO;
				SWIFT_VERSION = 5.0;
				TARGETED_DEVICE_FAMILY = "1,2";
				TEST_HOST = "$(BUILT_PRODUCTS_DIR)/ios-chat-app.app/$(BUNDLE_EXECUTABLE_FOLDER_PATH)/ios-chat-app";
			};
			name = Debug;
		};
		7CCE0DED2CF6FA7800C1FD57 /* Release */ = {
			isa = XCBuildConfiguration;
			buildSettings = {
				BUNDLE_LOADER = "$(TEST_HOST)";
				CODE_SIGN_STYLE = Automatic;
				CURRENT_PROJECT_VERSION = 1;
				GENERATE_INFOPLIST_FILE = YES;
				IPHONEOS_DEPLOYMENT_TARGET = 18.1;
				MARKETING_VERSION = 1.0;
				PRODUCT_BUNDLE_IDENTIFIER = "com.hphukan.ios-chat-appTests";
				PRODUCT_NAME = "$(TARGET_NAME)";
				SWIFT_EMIT_LOC_STRINGS = NO;
				SWIFT_VERSION = 5.0;
				TARGETED_DEVICE_FAMILY = "1,2";
				TEST_HOST = "$(BUILT_PRODUCTS_DIR)/ios-chat-app.app/$(BUNDLE_EXECUTABLE_FOLDER_PATH)/ios-chat-app";
			};
			name = Release;
		};
		7CCE0DEF2CF6FA7800C1FD57 /* Debug */ = {
			isa = XCBuildConfiguration;
			buildSettings = {
				CODE_SIGN_STYLE = Automatic;
				CURRENT_PROJECT_VERSION = 1;
				GENERATE_INFOPLIST_FILE = YES;
				MARKETING_VERSION = 1.0;
				PRODUCT_BUNDLE_IDENTIFIER = "com.hphukan.ios-chat-appUITests";
				PRODUCT_NAME = "$(TARGET_NAME)";
				SWIFT_EMIT_LOC_STRINGS = NO;
				SWIFT_VERSION = 5.0;
				TARGETED_DEVICE_FAMILY = "1,2";
				TEST_TARGET_NAME = "ios-chat-app";
			};
			name = Debug;
		};
		7CCE0DF02CF6FA7800C1FD57 /* Release */ = {
			isa = XCBuildConfiguration;
			buildSettings = {
				CODE_SIGN_STYLE = Automatic;
				CURRENT_PROJECT_VERSION = 1;
				GENERATE_INFOPLIST_FILE = YES;
				MARKETING_VERSION = 1.0;
				PRODUCT_BUNDLE_IDENTIFIER = "com.hphukan.ios-chat-appUITests";
				PRODUCT_NAME = "$(TARGET_NAME)";
				SWIFT_EMIT_LOC_STRINGS = NO;
				SWIFT_VERSION = 5.0;
				TARGETED_DEVICE_FAMILY = "1,2";
				TEST_TARGET_NAME = "ios-chat-app";
			};
			name = Release;
		};
/* End XCBuildConfiguration section */

/* Begin XCConfigurationList section */
		7CCE0DB82CF6FA7700C1FD57 /* Build configuration list for PBXProject "ios-chat-app" */ = {
			isa = XCConfigurationList;
			buildConfigurations = (
				7CCE0DE92CF6FA7800C1FD57 /* Debug */,
				7CCE0DEA2CF6FA7800C1FD57 /* Release */,
			);
			defaultConfigurationIsVisible = 0;
			defaultConfigurationName = Release;
		};
		7CCE0DE62CF6FA7800C1FD57 /* Build configuration list for PBXNativeTarget "ios-chat-app" */ = {
			isa = XCConfigurationList;
			buildConfigurations = (
				7CCE0DE72CF6FA7800C1FD57 /* Debug */,
				7CCE0DE82CF6FA7800C1FD57 /* Release */,
			);
			defaultConfigurationIsVisible = 0;
			defaultConfigurationName = Release;
		};
		7CCE0DEB2CF6FA7800C1FD57 /* Build configuration list for PBXNativeTarget "ios-chat-appTests" */ = {
			isa = XCConfigurationList;
			buildConfigurations = (
				7CCE0DEC2CF6FA7800C1FD57 /* Debug */,
				7CCE0DED2CF6FA7800C1FD57 /* Release */,
			);
			defaultConfigurationIsVisible = 0;
			defaultConfigurationName = Release;
		};
		7CCE0DEE2CF6FA7800C1FD57 /* Build configuration list for PBXNativeTarget "ios-chat-appUITests" */ = {
			isa = XCConfigurationList;
			buildConfigurations = (
				7CCE0DEF2CF6FA7800C1FD57 /* Debug */,
				7CCE0DF02CF6FA7800C1FD57 /* Release */,
			);
			defaultConfigurationIsVisible = 0;
			defaultConfigurationName = Release;
		};
/* End XCConfigurationList section */
	};
	rootObject = 7CCE0DB52CF6FA7700C1FD57 /* Project object */;
}
